
Microsoft Visual Studio Solution File, Format Version 12.00
# Visual Studio Version 17
VisualStudioVersion = 17.5.33530.505
MinimumVisualStudioVersion = 10.0.40219.1
Project("{FAE04EC0-301F-11D3-BF4B-00C04F79EFBC}") = "Library", "Library\Library.csproj", "{44BAF8D6-BDB2-437F-8904-39836A77B6DB}"
EndProject
Project("{FAE04EC0-301F-11D3-BF4B-00C04F79EFBC}") = "Domain", "Domain\Domain.csproj", "{5AA7824F-57C7-4138-A622-A76ECBF8CCC5}"
EndProject
Project("{FAE04EC0-301F-11D3-BF4B-00C04F79EFBC}") = "Application", "Application\Application.csproj", "{08112A4C-89DD-4DF9-BD3D-F87DC3F95781}"
EndProject
Project("{FAE04EC0-301F-11D3-BF4B-00C04F79EFBC}") = "Infrastructure", "Infrastructure\Infrastructure.csproj", "{68A27F69-C3C3-4BC4-8C49-A88B89905B87}"
EndProject
Global
	GlobalSection(SolutionConfigurationPlatforms) = preSolution
		Debug|Any CPU = Debug|Any CPU
		Release|Any CPU = Release|Any CPU
	EndGlobalSection
	GlobalSection(ProjectConfigurationPlatforms) = postSolution
		{44BAF8D6-BDB2-437F-8904-39836A77B6DB}.Debug|Any CPU.ActiveCfg = Debug|Any CPU
		{44BAF8D6-BDB2-437F-8904-39836A77B6DB}.Debug|Any CPU.Build.0 = Debug|Any CPU
		{44BAF8D6-BDB2-437F-8904-39836A77B6DB}.Release|Any CPU.ActiveCfg = Release|Any CPU
		{44BAF8D6-BDB2-437F-8904-39836A77B6DB}.Release|Any CPU.Build.0 = Release|Any CPU
		{5AA7824F-57C7-4138-A622-A76ECBF8CCC5}.Debug|Any CPU.ActiveCfg = Debug|Any CPU
		{5AA7824F-57C7-4138-A622-A76ECBF8CCC5}.Debug|Any CPU.Build.0 = Debug|Any CPU
		{5AA7824F-57C7-4138-A622-A76ECBF8CCC5}.Release|Any CPU.ActiveCfg = Release|Any CPU
		{5AA7824F-57C7-4138-A622-A76ECBF8CCC5}.Release|Any CPU.Build.0 = Release|Any CPU
		{08112A4C-89DD-4DF9-BD3D-F87DC3F95781}.Debug|Any CPU.ActiveCfg = Debug|Any CPU
		{08112A4C-89DD-4DF9-BD3D-F87DC3F95781}.Debug|Any CPU.Build.0 = Debug|Any CPU
		{08112A4C-89DD-4DF9-BD3D-F87DC3F95781}.Release|Any CPU.ActiveCfg = Release|Any CPU
		{08112A4C-89DD-4DF9-BD3D-F87DC3F95781}.Release|Any CPU.Build.0 = Release|Any CPU
		{68A27F69-C3C3-4BC4-8C49-A88B89905B87}.Debug|Any CPU.ActiveCfg = Debug|Any CPU
		{68A27F69-C3C3-4BC4-8C49-A88B89905B87}.Debug|Any CPU.Build.0 = Debug|Any CPU
		{68A27F69-C3C3-4BC4-8C49-A88B89905B87}.Release|Any CPU.ActiveCfg = Release|Any CPU
		{68A27F69-C3C3-4BC4-8C49-A88B89905B87}.Release|Any CPU.Build.0 = Release|Any CPU
	EndGlobalSection
	GlobalSection(SolutionProperties) = preSolution
		HideSolutionNode = FALSE
	EndGlobalSection
	GlobalSection(ExtensibilityGlobals) = postSolution
		SolutionGuid = {35904824-BEAE-46C1-9E51-E5101804FA7E}
	EndGlobalSection
EndGlobal
